{
  "version": 4,
  "terraform_version": "1.0.3",
  "serial": 91,
  "lineage": "74343b1a-3ad3-0368-9a06-52d2829df909",
  "outputs": {
    "alb_hostname": {
      "value": "production-alb-884412716.us-west-1.elb.amazonaws.com",
      "type": "string"
    }
  },
  "resources": [
    {
      "mode": "data",
      "type": "template_file",
      "name": "app",
      "provider": "provider[\"registry.terraform.io/hashicorp/template\"]",
      "instances": [
        {
          "schema_version": 0,
          "attributes": {
            "filename": null,
            "id": "4b820516953fe38ea645aef8332ac27a1a516040e549939602f8bf777c353989",
            "rendered": "[\n  {\n    \"name\": \"django-app\",\n    \"image\": \"ghcr.io/vinaykarora/django-app:latest\",\n    \"essential\": true,\n    \"cpu\": 10,\n    \"memory\": 512,\n    \"links\": [],\n    \"portMappings\": [\n      {\n        \"containerPort\": 8000,\n        \"hostPort\": 0,\n        \"protocol\": \"tcp\"\n      }\n    ],\n    \"command\": [\"gunicorn\", \"-w\", \"3\", \"-b\", \":8000\", \"hello_django.wsgi:application\"],\n    \"environment\": [],\n    \"logConfiguration\": {\n      \"logDriver\": \"awslogs\",\n      \"options\": {\n        \"awslogs-group\": \"/ecs/django-app\",\n        \"awslogs-region\": \"us-west-1\",\n        \"awslogs-stream-prefix\": \"django-app-log-stream\"\n      }\n    }\n  }\n]\n",
            "template": "[\n  {\n    \"name\": \"django-app\",\n    \"image\": \"${docker_image_url_django}\",\n    \"essential\": true,\n    \"cpu\": 10,\n    \"memory\": 512,\n    \"links\": [],\n    \"portMappings\": [\n      {\n        \"containerPort\": 8000,\n        \"hostPort\": 0,\n        \"protocol\": \"tcp\"\n      }\n    ],\n    \"command\": [\"gunicorn\", \"-w\", \"3\", \"-b\", \":8000\", \"hello_django.wsgi:application\"],\n    \"environment\": [],\n    \"logConfiguration\": {\n      \"logDriver\": \"awslogs\",\n      \"options\": {\n        \"awslogs-group\": \"/ecs/django-app\",\n        \"awslogs-region\": \"${region}\",\n        \"awslogs-stream-prefix\": \"django-app-log-stream\"\n      }\n    }\n  }\n]\n",
            "vars": {
              "docker_image_url_django": "ghcr.io/vinaykarora/django-app:latest",
              "region": "us-west-1"
            }
          },
          "sensitive_attributes": []
        }
      ]
    },
    {
      "mode": "managed",
      "type": "aws_alb_listener",
      "name": "ecs-alb-http-listener",
      "provider": "provider[\"registry.terraform.io/hashicorp/aws\"]",
      "instances": [
        {
          "schema_version": 0,
          "attributes": {
            "alpn_policy": null,
            "arn": "arn:aws:elasticloadbalancing:us-west-1:367444460268:listener/app/production-alb/081c2718f8cef83e/abf005e40b54521e",
            "certificate_arn": null,
            "default_action": [
              {
                "authenticate_cognito": [],
                "authenticate_oidc": [],
                "fixed_response": [],
                "forward": [],
                "order": 1,
                "redirect": [],
                "target_group_arn": "arn:aws:elasticloadbalancing:us-west-1:367444460268:targetgroup/production-client-tg/e9ec0e1a86c9745d",
                "type": "forward"
              }
            ],
            "id": "arn:aws:elasticloadbalancing:us-west-1:367444460268:listener/app/production-alb/081c2718f8cef83e/abf005e40b54521e",
            "load_balancer_arn": "arn:aws:elasticloadbalancing:us-west-1:367444460268:loadbalancer/app/production-alb/081c2718f8cef83e",
            "port": 80,
            "protocol": "HTTP",
            "ssl_policy": "",
            "tags": null,
            "tags_all": {},
            "timeouts": null
          },
          "sensitive_attributes": [],
          "private": "eyJlMmJmYjczMC1lY2FhLTExZTYtOGY4OC0zNDM2M2JjN2M0YzAiOnsicmVhZCI6NjAwMDAwMDAwMDAwfX0=",
          "dependencies": [
            "aws_alb_target_group.default-target-group",
            "aws_lb.production",
            "aws_security_group.load-balancer",
            "aws_subnet.public-subnet-1",
            "aws_subnet.public-subnet-2",
            "aws_vpc.production-vpc"
          ]
        }
      ]
    },
    {
      "mode": "managed",
      "type": "aws_alb_target_group",
      "name": "default-target-group",
      "provider": "provider[\"registry.terraform.io/hashicorp/aws\"]",
      "instances": [
        {
          "schema_version": 0,
          "attributes": {
            "arn": "arn:aws:elasticloadbalancing:us-west-1:367444460268:targetgroup/production-client-tg/e9ec0e1a86c9745d",
            "arn_suffix": "targetgroup/production-client-tg/e9ec0e1a86c9745d",
            "deregistration_delay": 300,
            "health_check": [
              {
                "enabled": true,
                "healthy_threshold": 5,
                "interval": 5,
                "matcher": "200",
                "path": "/ping/",
                "port": "traffic-port",
                "protocol": "HTTP",
                "timeout": 2,
                "unhealthy_threshold": 2
              }
            ],
            "id": "arn:aws:elasticloadbalancing:us-west-1:367444460268:targetgroup/production-client-tg/e9ec0e1a86c9745d",
            "lambda_multi_value_headers_enabled": false,
            "load_balancing_algorithm_type": "round_robin",
            "name": "production-client-tg",
            "name_prefix": null,
            "port": 80,
            "preserve_client_ip": null,
            "protocol": "HTTP",
            "protocol_version": "HTTP1",
            "proxy_protocol_v2": false,
            "slow_start": 0,
            "stickiness": [
              {
                "cookie_duration": 86400,
                "cookie_name": "",
                "enabled": false,
                "type": "lb_cookie"
              }
            ],
            "tags": null,
            "tags_all": {},
            "target_type": "instance",
            "vpc_id": "vpc-0d2fefc3199ccecf1"
          },
          "sensitive_attributes": [],
          "private": "bnVsbA==",
          "dependencies": [
            "aws_vpc.production-vpc"
          ]
        }
      ]
    },
    {
      "mode": "managed",
      "type": "aws_alb_target_group",
      "name": "users-target-group",
      "provider": "provider[\"registry.terraform.io/hashicorp/aws\"]",
      "instances": [
        {
          "schema_version": 0,
          "attributes": {
            "arn": "arn:aws:elasticloadbalancing:us-west-1:367444460268:targetgroup/production-users-tg/287102fe37f1f819",
            "arn_suffix": "targetgroup/production-users-tg/287102fe37f1f819",
            "deregistration_delay": 300,
            "health_check": [
              {
                "enabled": true,
                "healthy_threshold": 5,
                "interval": 5,
                "matcher": "200",
                "path": "/ping/",
                "port": "traffic-port",
                "protocol": "HTTP",
                "timeout": 2,
                "unhealthy_threshold": 2
              }
            ],
            "id": "arn:aws:elasticloadbalancing:us-west-1:367444460268:targetgroup/production-users-tg/287102fe37f1f819",
            "lambda_multi_value_headers_enabled": false,
            "load_balancing_algorithm_type": "round_robin",
            "name": "production-users-tg",
            "name_prefix": null,
            "port": 5000,
            "preserve_client_ip": null,
            "protocol": "HTTP",
            "protocol_version": "HTTP1",
            "proxy_protocol_v2": false,
            "slow_start": 0,
            "stickiness": [
              {
                "cookie_duration": 86400,
                "cookie_name": "",
                "enabled": false,
                "type": "lb_cookie"
              }
            ],
            "tags": null,
            "tags_all": {},
            "target_type": "instance",
            "vpc_id": "vpc-0d2fefc3199ccecf1"
          },
          "sensitive_attributes": [],
          "private": "bnVsbA==",
          "dependencies": [
            "aws_vpc.production-vpc"
          ]
        }
      ]
    },
    {
      "mode": "managed",
      "type": "aws_autoscaling_group",
      "name": "ecs-cluster",
      "provider": "provider[\"registry.terraform.io/hashicorp/aws\"]",
      "instances": [
        {
          "schema_version": 0,
          "attributes": {
            "arn": "arn:aws:autoscaling:us-west-1:367444460268:autoScalingGroup:171dc1cd-6ad3-4b9b-8fd1-71001624abb1:autoScalingGroupName/production_auto_scaling_group",
            "availability_zones": [
              "us-west-1b",
              "us-west-1c"
            ],
            "capacity_rebalance": false,
            "default_cooldown": 300,
            "desired_capacity": 4,
            "enabled_metrics": null,
            "force_delete": false,
            "force_delete_warm_pool": false,
            "health_check_grace_period": 300,
            "health_check_type": "EC2",
            "id": "production_auto_scaling_group",
            "initial_lifecycle_hook": [],
            "instance_refresh": [],
            "launch_configuration": "production-cluster",
            "launch_template": [],
            "load_balancers": null,
            "max_instance_lifetime": 0,
            "max_size": 10,
            "metrics_granularity": "1Minute",
            "min_elb_capacity": null,
            "min_size": 1,
            "mixed_instances_policy": [],
            "name": "production_auto_scaling_group",
            "name_prefix": "",
            "placement_group": "",
            "protect_from_scale_in": false,
            "service_linked_role_arn": "arn:aws:iam::367444460268:role/aws-service-role/autoscaling.amazonaws.com/AWSServiceRoleForAutoScaling",
            "suspended_processes": null,
            "tag": [],
            "tags": null,
            "target_group_arns": null,
            "termination_policies": null,
            "timeouts": null,
            "vpc_zone_identifier": [
              "subnet-020ef2b97296fa8ad",
              "subnet-0b3fdc2b20968fd5e"
            ],
            "wait_for_capacity_timeout": "10m",
            "wait_for_elb_capacity": null,
            "warm_pool": []
          },
          "sensitive_attributes": [],
          "private": "eyJlMmJmYjczMC1lY2FhLTExZTYtOGY4OC0zNDM2M2JjN2M0YzAiOnsiZGVsZXRlIjo2MDAwMDAwMDAwMDB9fQ==",
          "dependencies": [
            "aws_iam_instance_profile.ecs",
            "aws_iam_role.ecs-host-role",
            "aws_key_pair.production",
            "aws_launch_configuration.ecs",
            "aws_security_group.ecs",
            "aws_security_group.load-balancer",
            "aws_subnet.public-subnet-1",
            "aws_subnet.public-subnet-2",
            "aws_vpc.production-vpc"
          ]
        }
      ]
    },
    {
      "mode": "managed",
      "type": "aws_cloudwatch_log_group",
      "name": "django-log-group",
      "provider": "provider[\"registry.terraform.io/hashicorp/aws\"]",
      "instances": [
        {
          "schema_version": 0,
          "attributes": {
            "arn": "arn:aws:logs:us-west-1:367444460268:log-group:/ecs/django-app",
            "id": "/ecs/django-app",
            "kms_key_id": "",
            "name": "/ecs/django-app",
            "name_prefix": null,
            "retention_in_days": 30,
            "tags": null,
            "tags_all": {}
          },
          "sensitive_attributes": [],
          "private": "bnVsbA=="
        }
      ]
    },
    {
      "mode": "managed",
      "type": "aws_cloudwatch_log_stream",
      "name": "django-log-stream",
      "provider": "provider[\"registry.terraform.io/hashicorp/aws\"]",
      "instances": [
        {
          "schema_version": 0,
          "attributes": {
            "arn": "arn:aws:logs:us-west-1:367444460268:log-group:/ecs/django-app:log-stream:django-app-log-stream",
            "id": "django-app-log-stream",
            "log_group_name": "/ecs/django-app",
            "name": "django-app-log-stream"
          },
          "sensitive_attributes": [],
          "private": "bnVsbA==",
          "dependencies": [
            "aws_cloudwatch_log_group.django-log-group"
          ]
        }
      ]
    },
    {
      "mode": "managed",
      "type": "aws_ecs_cluster",
      "name": "production",
      "provider": "provider[\"registry.terraform.io/hashicorp/aws\"]",
      "instances": [
        {
          "schema_version": 0,
          "attributes": {
            "arn": "arn:aws:ecs:us-west-1:367444460268:cluster/production-cluster",
            "capacity_providers": null,
            "configuration": [],
            "default_capacity_provider_strategy": [],
            "id": "arn:aws:ecs:us-west-1:367444460268:cluster/production-cluster",
            "name": "production-cluster",
            "setting": [
              {
                "name": "containerInsights",
                "value": "disabled"
              }
            ],
            "tags": null,
            "tags_all": {}
          },
          "sensitive_attributes": [],
          "private": "bnVsbA=="
        }
      ]
    },
    {
      "mode": "managed",
      "type": "aws_ecs_service",
      "name": "production",
      "provider": "provider[\"registry.terraform.io/hashicorp/aws\"]",
      "instances": [
        {
          "schema_version": 0,
          "attributes": {
            "capacity_provider_strategy": [],
            "cluster": "arn:aws:ecs:us-west-1:367444460268:cluster/production-cluster",
            "deployment_circuit_breaker": [
              {
                "enable": false,
                "rollback": false
              }
            ],
            "deployment_controller": [
              {
                "type": "ECS"
              }
            ],
            "deployment_maximum_percent": 200,
            "deployment_minimum_healthy_percent": 100,
            "desired_count": 2,
            "enable_ecs_managed_tags": false,
            "enable_execute_command": false,
            "force_new_deployment": null,
            "health_check_grace_period_seconds": 0,
            "iam_role": "arn:aws:iam::367444460268:role/ecs_service_role_prod",
            "id": "arn:aws:ecs:us-west-1:367444460268:service/production-cluster/production-service",
            "launch_type": "EC2",
            "load_balancer": [
              {
                "container_name": "django-app",
                "container_port": 8000,
                "elb_name": "",
                "target_group_arn": "arn:aws:elasticloadbalancing:us-west-1:367444460268:targetgroup/production-client-tg/e9ec0e1a86c9745d"
              }
            ],
            "name": "production-service",
            "network_configuration": [],
            "ordered_placement_strategy": [],
            "placement_constraints": [],
            "platform_version": "",
            "propagate_tags": "NONE",
            "scheduling_strategy": "REPLICA",
            "service_registries": [],
            "tags": null,
            "tags_all": {},
            "task_definition": "arn:aws:ecs:us-west-1:367444460268:task-definition/django-app:2",
            "timeouts": null,
            "wait_for_steady_state": false
          },
          "sensitive_attributes": [],
          "private": "eyJlMmJmYjczMC1lY2FhLTExZTYtOGY4OC0zNDM2M2JjN2M0YzAiOnsiZGVsZXRlIjoxMjAwMDAwMDAwMDAwfX0=",
          "dependencies": [
            "aws_alb_listener.ecs-alb-http-listener",
            "aws_alb_target_group.default-target-group",
            "aws_ecs_cluster.production",
            "aws_ecs_task_definition.app",
            "aws_iam_role.ecs-service-role",
            "aws_iam_role_policy.ecs-service-role-policy",
            "aws_lb.production",
            "aws_security_group.load-balancer",
            "aws_subnet.public-subnet-1",
            "aws_subnet.public-subnet-2",
            "aws_vpc.production-vpc",
            "data.template_file.app"
          ]
        }
      ]
    },
    {
      "mode": "managed",
      "type": "aws_ecs_task_definition",
      "name": "app",
      "provider": "provider[\"registry.terraform.io/hashicorp/aws\"]",
      "instances": [
        {
          "schema_version": 1,
          "attributes": {
            "arn": "arn:aws:ecs:us-west-1:367444460268:task-definition/django-app:2",
            "container_definitions": "[{\"command\":[\"gunicorn\",\"-w\",\"3\",\"-b\",\":8000\",\"hello_django.wsgi:application\"],\"cpu\":10,\"environment\":[],\"essential\":true,\"image\":\"ghcr.io/vinaykarora/django-app:latest\",\"links\":[],\"logConfiguration\":{\"logDriver\":\"awslogs\",\"options\":{\"awslogs-group\":\"/ecs/django-app\",\"awslogs-region\":\"us-west-1\",\"awslogs-stream-prefix\":\"django-app-log-stream\"}},\"memory\":512,\"mountPoints\":[],\"name\":\"django-app\",\"portMappings\":[{\"containerPort\":8000,\"hostPort\":0,\"protocol\":\"tcp\"}],\"volumesFrom\":[]}]",
            "cpu": "",
            "ephemeral_storage": [],
            "execution_role_arn": "",
            "family": "django-app",
            "id": "django-app",
            "inference_accelerator": [],
            "ipc_mode": "",
            "memory": "",
            "network_mode": "",
            "pid_mode": "",
            "placement_constraints": [],
            "proxy_configuration": [],
            "requires_compatibilities": null,
            "revision": 2,
            "tags": null,
            "tags_all": {},
            "task_role_arn": "",
            "volume": []
          },
          "sensitive_attributes": [],
          "private": "eyJzY2hlbWFfdmVyc2lvbiI6IjEifQ==",
          "dependencies": [
            "data.template_file.app"
          ]
        }
      ]
    },
    {
      "mode": "managed",
      "type": "aws_eip",
      "name": "elastic-ip-for-nat-gw",
      "provider": "provider[\"registry.terraform.io/hashicorp/aws\"]",
      "instances": [
        {
          "schema_version": 0,
          "attributes": {
            "address": null,
            "allocation_id": null,
            "associate_with_private_ip": "10.0.0.5",
            "association_id": "",
            "carrier_ip": "",
            "customer_owned_ip": "",
            "customer_owned_ipv4_pool": "",
            "domain": "vpc",
            "id": "eipalloc-dba3bcda",
            "instance": "",
            "network_border_group": "us-west-1",
            "network_interface": "",
            "private_dns": null,
            "private_ip": "",
            "public_dns": "ec2-54-177-23-196.us-west-1.compute.amazonaws.com",
            "public_ip": "54.177.23.196",
            "public_ipv4_pool": "amazon",
            "tags": null,
            "tags_all": {},
            "timeouts": null,
            "vpc": true
          },
          "sensitive_attributes": [],
          "private": "eyJlMmJmYjczMC1lY2FhLTExZTYtOGY4OC0zNDM2M2JjN2M0YzAiOnsiZGVsZXRlIjoxODAwMDAwMDAwMDAsInJlYWQiOjkwMDAwMDAwMDAwMCwidXBkYXRlIjozMDAwMDAwMDAwMDB9fQ==",
          "dependencies": [
            "aws_internet_gateway.production-igw",
            "aws_vpc.production-vpc"
          ]
        }
      ]
    },
    {
      "mode": "managed",
      "type": "aws_iam_instance_profile",
      "name": "ecs",
      "provider": "provider[\"registry.terraform.io/hashicorp/aws\"]",
      "instances": [
        {
          "schema_version": 0,
          "attributes": {
            "arn": "arn:aws:iam::367444460268:instance-profile/ecs_instance_profile_prod",
            "create_date": "2021-08-17T12:02:27Z",
            "id": "ecs_instance_profile_prod",
            "name": "ecs_instance_profile_prod",
            "name_prefix": null,
            "path": "/",
            "role": "ecs_host_role_prod",
            "tags": null,
            "tags_all": {},
            "unique_id": "AIPAVLDLFQLWGXQ4J5V26"
          },
          "sensitive_attributes": [],
          "private": "bnVsbA==",
          "dependencies": [
            "aws_iam_role.ecs-host-role"
          ]
        }
      ]
    },
    {
      "mode": "managed",
      "type": "aws_iam_role",
      "name": "ecs-host-role",
      "provider": "provider[\"registry.terraform.io/hashicorp/aws\"]",
      "instances": [
        {
          "schema_version": 0,
          "attributes": {
            "arn": "arn:aws:iam::367444460268:role/ecs_host_role_prod",
            "assume_role_policy": "{\"Version\":\"2008-10-17\",\"Statement\":[{\"Effect\":\"Allow\",\"Principal\":{\"Service\":[\"ec2.amazonaws.com\",\"ecs.amazonaws.com\"]},\"Action\":\"sts:AssumeRole\"}]}",
            "create_date": "2021-08-17T12:02:21Z",
            "description": "",
            "force_detach_policies": false,
            "id": "ecs_host_role_prod",
            "inline_policy": [
              {
                "name": "",
                "policy": ""
              }
            ],
            "managed_policy_arns": [],
            "max_session_duration": 3600,
            "name": "ecs_host_role_prod",
            "name_prefix": null,
            "path": "/",
            "permissions_boundary": null,
            "tags": null,
            "tags_all": {},
            "unique_id": "AROAVLDLFQLWBKSJLQGC2"
          },
          "sensitive_attributes": [],
          "private": "bnVsbA=="
        }
      ]
    },
    {
      "mode": "managed",
      "type": "aws_iam_role",
      "name": "ecs-service-role",
      "provider": "provider[\"registry.terraform.io/hashicorp/aws\"]",
      "instances": [
        {
          "schema_version": 0,
          "attributes": {
            "arn": "arn:aws:iam::367444460268:role/ecs_service_role_prod",
            "assume_role_policy": "{\"Version\":\"2008-10-17\",\"Statement\":[{\"Effect\":\"Allow\",\"Principal\":{\"Service\":[\"ecs.amazonaws.com\",\"ec2.amazonaws.com\"]},\"Action\":\"sts:AssumeRole\"}]}",
            "create_date": "2021-08-17T12:02:21Z",
            "description": "",
            "force_detach_policies": false,
            "id": "ecs_service_role_prod",
            "inline_policy": [
              {
                "name": "",
                "policy": ""
              }
            ],
            "managed_policy_arns": [],
            "max_session_duration": 3600,
            "name": "ecs_service_role_prod",
            "name_prefix": null,
            "path": "/",
            "permissions_boundary": null,
            "tags": null,
            "tags_all": {},
            "unique_id": "AROAVLDLFQLWCFPF4SBIP"
          },
          "sensitive_attributes": [],
          "private": "bnVsbA=="
        }
      ]
    },
    {
      "mode": "managed",
      "type": "aws_iam_role_policy",
      "name": "ecs-instance-role-policy",
      "provider": "provider[\"registry.terraform.io/hashicorp/aws\"]",
      "instances": [
        {
          "schema_version": 0,
          "attributes": {
            "id": "ecs_host_role_prod:ecs_instance_role_policy",
            "name": "ecs_instance_role_policy",
            "name_prefix": null,
            "policy": "{\n  \"Version\": \"2012-10-17\",\n  \"Statement\": [\n    {\n      \"Effect\": \"Allow\",\n      \"Action\": [\n        \"ecs:*\",\n        \"ec2:*\",\n        \"elasticloadbalancing:*\",\n        \"ecr:*\",\n        \"cloudwatch:*\",\n        \"s3:*\",\n        \"rds:*\",\n        \"logs:*\"\n      ],\n      \"Resource\": \"*\"\n    }\n  ]\n}\n",
            "role": "ecs_host_role_prod"
          },
          "sensitive_attributes": [],
          "private": "bnVsbA==",
          "dependencies": [
            "aws_iam_role.ecs-host-role"
          ]
        }
      ]
    },
    {
      "mode": "managed",
      "type": "aws_iam_role_policy",
      "name": "ecs-service-role-policy",
      "provider": "provider[\"registry.terraform.io/hashicorp/aws\"]",
      "instances": [
        {
          "schema_version": 0,
          "attributes": {
            "id": "ecs_service_role_prod:ecs_service_role_policy",
            "name": "ecs_service_role_policy",
            "name_prefix": null,
            "policy": "{\n  \"Version\": \"2012-10-17\",\n  \"Statement\": [\n    {\n      \"Effect\": \"Allow\",\n      \"Action\": [\n        \"elasticloadbalancing:Describe*\",\n        \"elasticloadbalancing:DeregisterInstancesFromLoadBalancer\",\n        \"elasticloadbalancing:RegisterInstancesWithLoadBalancer\",\n        \"ec2:Describe*\",\n        \"ec2:AuthorizeSecurityGroupIngress\",\n        \"elasticloadbalancing:RegisterTargets\",\n        \"elasticloadbalancing:DeregisterTargets\"\n      ],\n      \"Resource\": [\n        \"*\"\n      ]\n    }\n  ]\n}\n",
            "role": "ecs_service_role_prod"
          },
          "sensitive_attributes": [],
          "private": "bnVsbA==",
          "dependencies": [
            "aws_iam_role.ecs-service-role"
          ]
        }
      ]
    },
    {
      "mode": "managed",
      "type": "aws_internet_gateway",
      "name": "production-igw",
      "provider": "provider[\"registry.terraform.io/hashicorp/aws\"]",
      "instances": [
        {
          "schema_version": 0,
          "attributes": {
            "arn": "arn:aws:ec2:us-west-1:367444460268:internet-gateway/igw-08a9b5a0dbe440862",
            "id": "igw-08a9b5a0dbe440862",
            "owner_id": "367444460268",
            "tags": null,
            "tags_all": {},
            "vpc_id": "vpc-0d2fefc3199ccecf1"
          },
          "sensitive_attributes": [],
          "private": "bnVsbA==",
          "dependencies": [
            "aws_vpc.production-vpc"
          ]
        }
      ]
    },
    {
      "mode": "managed",
      "type": "aws_key_pair",
      "name": "production",
      "provider": "provider[\"registry.terraform.io/hashicorp/aws\"]",
      "instances": [
        {
          "schema_version": 1,
          "attributes": {
            "arn": "arn:aws:ec2:us-west-1:367444460268:key-pair/production_key_pair",
            "fingerprint": "b6:c7:bb:3a:ff:fc:1a:57:38:6d:90:3e:dd:a3:a2:b6",
            "id": "production_key_pair",
            "key_name": "production_key_pair",
            "key_name_prefix": null,
            "key_pair_id": "key-0bbdf167a04dae85d",
            "public_key": "ssh-rsa AAAAB3NzaC1yc2EAAAADAQABAAABgQDI7pAic9u4uZb61WdGA/CaOJZfYp/F/DEgAc1hzTwu7JDic06ulGqPjHkEFupij7oySiyuI08gSu1sMaaxji12glgTbl7zQsGGbd3i6SOwFqe8jPOAR9JeM7sHzs/sklHZiO4ooqo8sf8aLCFnco68CN7lY+v4o+J8JpVz4//7HooaKjg96tdPBoHolz9XSD+FHhFTDTULos4smVztZpk/1/CQL8xpAJNbjqgjfrYznKYoDXTAfGHnEsLRXmx3dgHJ0UP41QgqeO1+Ef+Dh2oQZPcUJmw/Favw2yWml/lzuHIb+Lye/hfKdAJPMxw7+GmQqcMGHYZCYpqtWpkN1MoUXfThbZF0yG3cP6pOMuRqmMNCVSL1KeF6aGlkwhNdwS+13XADy0ArCT9AAOwoO1UnQCDvvO2BP4q8bGAZaRSRKpqkYSe+mNqXarFGYbeVugpNg+yyG6ZMmSYJEXs/PX6JksN5H1lowAebWLrrcorcwlDX6KC5/AmhmbCi4lOgM4M= aroravi@C02DG632MD6M",
            "tags": null,
            "tags_all": {}
          },
          "sensitive_attributes": [],
          "private": "eyJzY2hlbWFfdmVyc2lvbiI6IjEifQ=="
        }
      ]
    },
    {
      "mode": "managed",
      "type": "aws_launch_configuration",
      "name": "ecs",
      "provider": "provider[\"registry.terraform.io/hashicorp/aws\"]",
      "instances": [
        {
          "schema_version": 0,
          "attributes": {
            "arn": "arn:aws:autoscaling:us-west-1:367444460268:launchConfiguration:c9613fac-1757-46b6-8aab-f009bb756d65:launchConfigurationName/production-cluster",
            "associate_public_ip_address": true,
            "ebs_block_device": [],
            "ebs_optimized": false,
            "enable_monitoring": true,
            "ephemeral_block_device": [],
            "iam_instance_profile": "ecs_instance_profile_prod",
            "id": "production-cluster",
            "image_id": "ami-0667a9cc6a93f50fe",
            "instance_type": "t2.micro",
            "key_name": "production_key_pair",
            "metadata_options": [],
            "name": "production-cluster",
            "name_prefix": "",
            "placement_tenancy": null,
            "root_block_device": [],
            "security_groups": [
              "sg-0a4cba40a09e62f2f"
            ],
            "spot_price": "",
            "user_data": "52441bc47d0bd2e9a2a368429f6569c04828e443",
            "user_data_base64": null,
            "vpc_classic_link_id": "",
            "vpc_classic_link_security_groups": null
          },
          "sensitive_attributes": [],
          "private": "bnVsbA==",
          "dependencies": [
            "aws_iam_instance_profile.ecs",
            "aws_iam_role.ecs-host-role",
            "aws_key_pair.production",
            "aws_security_group.ecs",
            "aws_security_group.load-balancer",
            "aws_vpc.production-vpc"
          ]
        }
      ]
    },
    {
      "mode": "managed",
      "type": "aws_lb",
      "name": "production",
      "provider": "provider[\"registry.terraform.io/hashicorp/aws\"]",
      "instances": [
        {
          "schema_version": 0,
          "attributes": {
            "access_logs": [
              {
                "bucket": "",
                "enabled": false,
                "prefix": ""
              }
            ],
            "arn": "arn:aws:elasticloadbalancing:us-west-1:367444460268:loadbalancer/app/production-alb/081c2718f8cef83e",
            "arn_suffix": "app/production-alb/081c2718f8cef83e",
            "customer_owned_ipv4_pool": "",
            "dns_name": "production-alb-884412716.us-west-1.elb.amazonaws.com",
            "drop_invalid_header_fields": false,
            "enable_cross_zone_load_balancing": null,
            "enable_deletion_protection": false,
            "enable_http2": true,
            "id": "arn:aws:elasticloadbalancing:us-west-1:367444460268:loadbalancer/app/production-alb/081c2718f8cef83e",
            "idle_timeout": 60,
            "internal": false,
            "ip_address_type": "ipv4",
            "load_balancer_type": "application",
            "name": "production-alb",
            "name_prefix": null,
            "security_groups": [
              "sg-0c850bc28bcb68343"
            ],
            "subnet_mapping": [
              {
                "allocation_id": "",
                "ipv6_address": "",
                "outpost_id": "",
                "private_ipv4_address": "",
                "subnet_id": "subnet-020ef2b97296fa8ad"
              },
              {
                "allocation_id": "",
                "ipv6_address": "",
                "outpost_id": "",
                "private_ipv4_address": "",
                "subnet_id": "subnet-0b3fdc2b20968fd5e"
              }
            ],
            "subnets": [
              "subnet-020ef2b97296fa8ad",
              "subnet-0b3fdc2b20968fd5e"
            ],
            "tags": null,
            "tags_all": {},
            "timeouts": null,
            "vpc_id": "vpc-0d2fefc3199ccecf1",
            "zone_id": "Z368ELLRRE2KJ0"
          },
          "sensitive_attributes": [],
          "private": "eyJlMmJmYjczMC1lY2FhLTExZTYtOGY4OC0zNDM2M2JjN2M0YzAiOnsiY3JlYXRlIjo2MDAwMDAwMDAwMDAsImRlbGV0ZSI6NjAwMDAwMDAwMDAwLCJ1cGRhdGUiOjYwMDAwMDAwMDAwMH19",
          "dependencies": [
            "aws_security_group.load-balancer",
            "aws_subnet.public-subnet-1",
            "aws_subnet.public-subnet-2",
            "aws_vpc.production-vpc"
          ]
        }
      ]
    },
    {
      "mode": "managed",
      "type": "aws_nat_gateway",
      "name": "nat-gw",
      "provider": "provider[\"registry.terraform.io/hashicorp/aws\"]",
      "instances": [
        {
          "schema_version": 0,
          "attributes": {
            "allocation_id": "eipalloc-dba3bcda",
            "connectivity_type": "public",
            "id": "nat-06326c533b55feaff",
            "network_interface_id": "eni-0df31f4e6033a0a60",
            "private_ip": "10.0.1.23",
            "public_ip": "54.177.23.196",
            "subnet_id": "subnet-020ef2b97296fa8ad",
            "tags": null,
            "tags_all": {}
          },
          "sensitive_attributes": [],
          "private": "bnVsbA==",
          "dependencies": [
            "aws_eip.elastic-ip-for-nat-gw",
            "aws_internet_gateway.production-igw",
            "aws_subnet.public-subnet-1",
            "aws_vpc.production-vpc"
          ]
        }
      ]
    },
    {
      "mode": "managed",
      "type": "aws_route",
      "name": "nat-gw-route",
      "provider": "provider[\"registry.terraform.io/hashicorp/aws\"]",
      "instances": [
        {
          "schema_version": 0,
          "attributes": {
            "carrier_gateway_id": "",
            "destination_cidr_block": "0.0.0.0/0",
            "destination_ipv6_cidr_block": "",
            "destination_prefix_list_id": "",
            "egress_only_gateway_id": "",
            "gateway_id": "",
            "id": "r-rtb-0bd7bffab230db0361080289494",
            "instance_id": "",
            "instance_owner_id": "",
            "local_gateway_id": "",
            "nat_gateway_id": "nat-06326c533b55feaff",
            "network_interface_id": "",
            "origin": "CreateRoute",
            "route_table_id": "rtb-0bd7bffab230db036",
            "state": "active",
            "timeouts": null,
            "transit_gateway_id": "",
            "vpc_endpoint_id": "",
            "vpc_peering_connection_id": ""
          },
          "sensitive_attributes": [],
          "private": "eyJlMmJmYjczMC1lY2FhLTExZTYtOGY4OC0zNDM2M2JjN2M0YzAiOnsiY3JlYXRlIjoxMjAwMDAwMDAwMDAsImRlbGV0ZSI6MzAwMDAwMDAwMDAwfX0=",
          "dependencies": [
            "aws_eip.elastic-ip-for-nat-gw",
            "aws_internet_gateway.production-igw",
            "aws_nat_gateway.nat-gw",
            "aws_route_table.private-route-table",
            "aws_subnet.public-subnet-1",
            "aws_vpc.production-vpc"
          ]
        }
      ]
    },
    {
      "mode": "managed",
      "type": "aws_route",
      "name": "public-internet-igw-route",
      "provider": "provider[\"registry.terraform.io/hashicorp/aws\"]",
      "instances": [
        {
          "schema_version": 0,
          "attributes": {
            "carrier_gateway_id": "",
            "destination_cidr_block": "0.0.0.0/0",
            "destination_ipv6_cidr_block": "",
            "destination_prefix_list_id": "",
            "egress_only_gateway_id": "",
            "gateway_id": "igw-08a9b5a0dbe440862",
            "id": "r-rtb-0349214701f98904e1080289494",
            "instance_id": "",
            "instance_owner_id": "",
            "local_gateway_id": "",
            "nat_gateway_id": "",
            "network_interface_id": "",
            "origin": "CreateRoute",
            "route_table_id": "rtb-0349214701f98904e",
            "state": "active",
            "timeouts": null,
            "transit_gateway_id": "",
            "vpc_endpoint_id": "",
            "vpc_peering_connection_id": ""
          },
          "sensitive_attributes": [],
          "private": "eyJlMmJmYjczMC1lY2FhLTExZTYtOGY4OC0zNDM2M2JjN2M0YzAiOnsiY3JlYXRlIjoxMjAwMDAwMDAwMDAsImRlbGV0ZSI6MzAwMDAwMDAwMDAwfX0=",
          "dependencies": [
            "aws_internet_gateway.production-igw",
            "aws_route_table.public-route-table",
            "aws_vpc.production-vpc"
          ]
        }
      ]
    },
    {
      "mode": "managed",
      "type": "aws_route_table",
      "name": "private-route-table",
      "provider": "provider[\"registry.terraform.io/hashicorp/aws\"]",
      "instances": [
        {
          "schema_version": 0,
          "attributes": {
            "arn": "arn:aws:ec2:us-west-1:367444460268:route-table/rtb-0bd7bffab230db036",
            "id": "rtb-0bd7bffab230db036",
            "owner_id": "367444460268",
            "propagating_vgws": [],
            "route": [],
            "tags": null,
            "tags_all": {},
            "vpc_id": "vpc-0d2fefc3199ccecf1"
          },
          "sensitive_attributes": [],
          "private": "bnVsbA==",
          "dependencies": [
            "aws_vpc.production-vpc"
          ]
        }
      ]
    },
    {
      "mode": "managed",
      "type": "aws_route_table",
      "name": "public-route-table",
      "provider": "provider[\"registry.terraform.io/hashicorp/aws\"]",
      "instances": [
        {
          "schema_version": 0,
          "attributes": {
            "arn": "arn:aws:ec2:us-west-1:367444460268:route-table/rtb-0349214701f98904e",
            "id": "rtb-0349214701f98904e",
            "owner_id": "367444460268",
            "propagating_vgws": [],
            "route": [],
            "tags": null,
            "tags_all": {},
            "vpc_id": "vpc-0d2fefc3199ccecf1"
          },
          "sensitive_attributes": [],
          "private": "bnVsbA==",
          "dependencies": [
            "aws_vpc.production-vpc"
          ]
        }
      ]
    },
    {
      "mode": "managed",
      "type": "aws_route_table_association",
      "name": "private-route-1-association",
      "provider": "provider[\"registry.terraform.io/hashicorp/aws\"]",
      "instances": [
        {
          "schema_version": 0,
          "attributes": {
            "gateway_id": "",
            "id": "rtbassoc-06dabd319cde04c11",
            "route_table_id": "rtb-0bd7bffab230db036",
            "subnet_id": "subnet-0a8e9fd5b233ce4fd"
          },
          "sensitive_attributes": [],
          "private": "bnVsbA==",
          "dependencies": [
            "aws_route_table.private-route-table",
            "aws_subnet.private-subnet-1",
            "aws_vpc.production-vpc"
          ]
        }
      ]
    },
    {
      "mode": "managed",
      "type": "aws_route_table_association",
      "name": "private-route-2-association",
      "provider": "provider[\"registry.terraform.io/hashicorp/aws\"]",
      "instances": [
        {
          "schema_version": 0,
          "attributes": {
            "gateway_id": "",
            "id": "rtbassoc-04036a73dc25d06a2",
            "route_table_id": "rtb-0bd7bffab230db036",
            "subnet_id": "subnet-07745ad90de597b9a"
          },
          "sensitive_attributes": [],
          "private": "bnVsbA==",
          "dependencies": [
            "aws_route_table.private-route-table",
            "aws_subnet.private-subnet-2",
            "aws_vpc.production-vpc"
          ]
        }
      ]
    },
    {
      "mode": "managed",
      "type": "aws_route_table_association",
      "name": "public-route-1-association",
      "provider": "provider[\"registry.terraform.io/hashicorp/aws\"]",
      "instances": [
        {
          "schema_version": 0,
          "attributes": {
            "gateway_id": "",
            "id": "rtbassoc-0f4100f7424a650f2",
            "route_table_id": "rtb-0349214701f98904e",
            "subnet_id": "subnet-020ef2b97296fa8ad"
          },
          "sensitive_attributes": [],
          "private": "bnVsbA==",
          "dependencies": [
            "aws_route_table.public-route-table",
            "aws_subnet.public-subnet-1",
            "aws_vpc.production-vpc"
          ]
        }
      ]
    },
    {
      "mode": "managed",
      "type": "aws_route_table_association",
      "name": "public-route-2-association",
      "provider": "provider[\"registry.terraform.io/hashicorp/aws\"]",
      "instances": [
        {
          "schema_version": 0,
          "attributes": {
            "gateway_id": "",
            "id": "rtbassoc-035f51a65a6b1d69e",
            "route_table_id": "rtb-0349214701f98904e",
            "subnet_id": "subnet-0b3fdc2b20968fd5e"
          },
          "sensitive_attributes": [],
          "private": "bnVsbA==",
          "dependencies": [
            "aws_route_table.public-route-table",
            "aws_subnet.public-subnet-2",
            "aws_vpc.production-vpc"
          ]
        }
      ]
    },
    {
      "mode": "managed",
      "type": "aws_security_group",
      "name": "ecs",
      "provider": "provider[\"registry.terraform.io/hashicorp/aws\"]",
      "instances": [
        {
          "schema_version": 1,
          "attributes": {
            "arn": "arn:aws:ec2:us-west-1:367444460268:security-group/sg-0a4cba40a09e62f2f",
            "description": "Allows inbound access from the ALB only",
            "egress": [
              {
                "cidr_blocks": [
                  "0.0.0.0/0"
                ],
                "description": "",
                "from_port": 0,
                "ipv6_cidr_blocks": [],
                "prefix_list_ids": [],
                "protocol": "-1",
                "security_groups": [],
                "self": false,
                "to_port": 0
              }
            ],
            "id": "sg-0a4cba40a09e62f2f",
            "ingress": [
              {
                "cidr_blocks": [
                  "0.0.0.0/0"
                ],
                "description": "",
                "from_port": 22,
                "ipv6_cidr_blocks": [],
                "prefix_list_ids": [],
                "protocol": "tcp",
                "security_groups": [],
                "self": false,
                "to_port": 22
              },
              {
                "cidr_blocks": [],
                "description": "",
                "from_port": 0,
                "ipv6_cidr_blocks": [],
                "prefix_list_ids": [],
                "protocol": "-1",
                "security_groups": [
                  "sg-0c850bc28bcb68343"
                ],
                "self": false,
                "to_port": 0
              }
            ],
            "name": "ecs_security_group",
            "name_prefix": "",
            "owner_id": "367444460268",
            "revoke_rules_on_delete": false,
            "tags": null,
            "tags_all": {},
            "timeouts": null,
            "vpc_id": "vpc-0d2fefc3199ccecf1"
          },
          "sensitive_attributes": [],
          "private": "eyJlMmJmYjczMC1lY2FhLTExZTYtOGY4OC0zNDM2M2JjN2M0YzAiOnsiY3JlYXRlIjo2MDAwMDAwMDAwMDAsImRlbGV0ZSI6OTAwMDAwMDAwMDAwfSwic2NoZW1hX3ZlcnNpb24iOiIxIn0=",
          "dependencies": [
            "aws_security_group.load-balancer",
            "aws_vpc.production-vpc"
          ]
        }
      ]
    },
    {
      "mode": "managed",
      "type": "aws_security_group",
      "name": "load-balancer",
      "provider": "provider[\"registry.terraform.io/hashicorp/aws\"]",
      "instances": [
        {
          "schema_version": 1,
          "attributes": {
            "arn": "arn:aws:ec2:us-west-1:367444460268:security-group/sg-0c850bc28bcb68343",
            "description": "Controls access to the ALB",
            "egress": [
              {
                "cidr_blocks": [
                  "0.0.0.0/0"
                ],
                "description": "",
                "from_port": 0,
                "ipv6_cidr_blocks": [],
                "prefix_list_ids": [],
                "protocol": "-1",
                "security_groups": [],
                "self": false,
                "to_port": 0
              }
            ],
            "id": "sg-0c850bc28bcb68343",
            "ingress": [
              {
                "cidr_blocks": [
                  "0.0.0.0/0"
                ],
                "description": "",
                "from_port": 443,
                "ipv6_cidr_blocks": [],
                "prefix_list_ids": [],
                "protocol": "tcp",
                "security_groups": [],
                "self": false,
                "to_port": 443
              },
              {
                "cidr_blocks": [
                  "0.0.0.0/0"
                ],
                "description": "",
                "from_port": 80,
                "ipv6_cidr_blocks": [],
                "prefix_list_ids": [],
                "protocol": "tcp",
                "security_groups": [],
                "self": false,
                "to_port": 80
              }
            ],
            "name": "load_balancer_security_group",
            "name_prefix": "",
            "owner_id": "367444460268",
            "revoke_rules_on_delete": false,
            "tags": null,
            "tags_all": {},
            "timeouts": null,
            "vpc_id": "vpc-0d2fefc3199ccecf1"
          },
          "sensitive_attributes": [],
          "private": "eyJlMmJmYjczMC1lY2FhLTExZTYtOGY4OC0zNDM2M2JjN2M0YzAiOnsiY3JlYXRlIjo2MDAwMDAwMDAwMDAsImRlbGV0ZSI6OTAwMDAwMDAwMDAwfSwic2NoZW1hX3ZlcnNpb24iOiIxIn0=",
          "dependencies": [
            "aws_vpc.production-vpc"
          ]
        }
      ]
    },
    {
      "mode": "managed",
      "type": "aws_subnet",
      "name": "private-subnet-1",
      "provider": "provider[\"registry.terraform.io/hashicorp/aws\"]",
      "instances": [
        {
          "schema_version": 1,
          "attributes": {
            "arn": "arn:aws:ec2:us-west-1:367444460268:subnet/subnet-0a8e9fd5b233ce4fd",
            "assign_ipv6_address_on_creation": false,
            "availability_zone": "us-west-1b",
            "availability_zone_id": "usw1-az3",
            "cidr_block": "10.0.3.0/24",
            "customer_owned_ipv4_pool": "",
            "id": "subnet-0a8e9fd5b233ce4fd",
            "ipv6_cidr_block": "",
            "ipv6_cidr_block_association_id": "",
            "map_customer_owned_ip_on_launch": false,
            "map_public_ip_on_launch": false,
            "outpost_arn": "",
            "owner_id": "367444460268",
            "tags": null,
            "tags_all": {},
            "timeouts": null,
            "vpc_id": "vpc-0d2fefc3199ccecf1"
          },
          "sensitive_attributes": [],
          "private": "eyJlMmJmYjczMC1lY2FhLTExZTYtOGY4OC0zNDM2M2JjN2M0YzAiOnsiY3JlYXRlIjo2MDAwMDAwMDAwMDAsImRlbGV0ZSI6MTIwMDAwMDAwMDAwMH0sInNjaGVtYV92ZXJzaW9uIjoiMSJ9",
          "dependencies": [
            "aws_vpc.production-vpc"
          ]
        }
      ]
    },
    {
      "mode": "managed",
      "type": "aws_subnet",
      "name": "private-subnet-2",
      "provider": "provider[\"registry.terraform.io/hashicorp/aws\"]",
      "instances": [
        {
          "schema_version": 1,
          "attributes": {
            "arn": "arn:aws:ec2:us-west-1:367444460268:subnet/subnet-07745ad90de597b9a",
            "assign_ipv6_address_on_creation": false,
            "availability_zone": "us-west-1c",
            "availability_zone_id": "usw1-az1",
            "cidr_block": "10.0.4.0/24",
            "customer_owned_ipv4_pool": "",
            "id": "subnet-07745ad90de597b9a",
            "ipv6_cidr_block": "",
            "ipv6_cidr_block_association_id": "",
            "map_customer_owned_ip_on_launch": false,
            "map_public_ip_on_launch": false,
            "outpost_arn": "",
            "owner_id": "367444460268",
            "tags": null,
            "tags_all": {},
            "timeouts": null,
            "vpc_id": "vpc-0d2fefc3199ccecf1"
          },
          "sensitive_attributes": [],
          "private": "eyJlMmJmYjczMC1lY2FhLTExZTYtOGY4OC0zNDM2M2JjN2M0YzAiOnsiY3JlYXRlIjo2MDAwMDAwMDAwMDAsImRlbGV0ZSI6MTIwMDAwMDAwMDAwMH0sInNjaGVtYV92ZXJzaW9uIjoiMSJ9",
          "dependencies": [
            "aws_vpc.production-vpc"
          ]
        }
      ]
    },
    {
      "mode": "managed",
      "type": "aws_subnet",
      "name": "public-subnet-1",
      "provider": "provider[\"registry.terraform.io/hashicorp/aws\"]",
      "instances": [
        {
          "schema_version": 1,
          "attributes": {
            "arn": "arn:aws:ec2:us-west-1:367444460268:subnet/subnet-020ef2b97296fa8ad",
            "assign_ipv6_address_on_creation": false,
            "availability_zone": "us-west-1b",
            "availability_zone_id": "usw1-az3",
            "cidr_block": "10.0.1.0/24",
            "customer_owned_ipv4_pool": "",
            "id": "subnet-020ef2b97296fa8ad",
            "ipv6_cidr_block": "",
            "ipv6_cidr_block_association_id": "",
            "map_customer_owned_ip_on_launch": false,
            "map_public_ip_on_launch": false,
            "outpost_arn": "",
            "owner_id": "367444460268",
            "tags": null,
            "tags_all": {},
            "timeouts": null,
            "vpc_id": "vpc-0d2fefc3199ccecf1"
          },
          "sensitive_attributes": [],
          "private": "eyJlMmJmYjczMC1lY2FhLTExZTYtOGY4OC0zNDM2M2JjN2M0YzAiOnsiY3JlYXRlIjo2MDAwMDAwMDAwMDAsImRlbGV0ZSI6MTIwMDAwMDAwMDAwMH0sInNjaGVtYV92ZXJzaW9uIjoiMSJ9",
          "dependencies": [
            "aws_vpc.production-vpc"
          ]
        }
      ]
    },
    {
      "mode": "managed",
      "type": "aws_subnet",
      "name": "public-subnet-2",
      "provider": "provider[\"registry.terraform.io/hashicorp/aws\"]",
      "instances": [
        {
          "schema_version": 1,
          "attributes": {
            "arn": "arn:aws:ec2:us-west-1:367444460268:subnet/subnet-0b3fdc2b20968fd5e",
            "assign_ipv6_address_on_creation": false,
            "availability_zone": "us-west-1c",
            "availability_zone_id": "usw1-az1",
            "cidr_block": "10.0.2.0/24",
            "customer_owned_ipv4_pool": "",
            "id": "subnet-0b3fdc2b20968fd5e",
            "ipv6_cidr_block": "",
            "ipv6_cidr_block_association_id": "",
            "map_customer_owned_ip_on_launch": false,
            "map_public_ip_on_launch": false,
            "outpost_arn": "",
            "owner_id": "367444460268",
            "tags": null,
            "tags_all": {},
            "timeouts": null,
            "vpc_id": "vpc-0d2fefc3199ccecf1"
          },
          "sensitive_attributes": [],
          "private": "eyJlMmJmYjczMC1lY2FhLTExZTYtOGY4OC0zNDM2M2JjN2M0YzAiOnsiY3JlYXRlIjo2MDAwMDAwMDAwMDAsImRlbGV0ZSI6MTIwMDAwMDAwMDAwMH0sInNjaGVtYV92ZXJzaW9uIjoiMSJ9",
          "dependencies": [
            "aws_vpc.production-vpc"
          ]
        }
      ]
    },
    {
      "mode": "managed",
      "type": "aws_vpc",
      "name": "production-vpc",
      "provider": "provider[\"registry.terraform.io/hashicorp/aws\"]",
      "instances": [
        {
          "schema_version": 1,
          "attributes": {
            "arn": "arn:aws:ec2:us-west-1:367444460268:vpc/vpc-0d2fefc3199ccecf1",
            "assign_generated_ipv6_cidr_block": false,
            "cidr_block": "10.0.0.0/16",
            "default_network_acl_id": "acl-094265081db7ce648",
            "default_route_table_id": "rtb-0927d56f157631c95",
            "default_security_group_id": "sg-09e0dd5987b37024d",
            "dhcp_options_id": "dopt-7e3de818",
            "enable_classiclink": false,
            "enable_classiclink_dns_support": false,
            "enable_dns_hostnames": true,
            "enable_dns_support": true,
            "id": "vpc-0d2fefc3199ccecf1",
            "instance_tenancy": "default",
            "ipv6_association_id": "",
            "ipv6_cidr_block": "",
            "main_route_table_id": "rtb-0927d56f157631c95",
            "owner_id": "367444460268",
            "tags": null,
            "tags_all": {}
          },
          "sensitive_attributes": [],
          "private": "eyJzY2hlbWFfdmVyc2lvbiI6IjEifQ=="
        }
      ]
    }
  ]
}
